// !$*UTF8*$!
{
	archiveVersion = 1;
	classes = {
	};
	objectVersion = 48;
	objects = {

/* Begin PBXBuildFile section */
		33735ED12005BD2000A0046F /* QuestionDataManager.swift in Sources */ = {isa = PBXBuildFile; fileRef = 33735ED02005BD2000A0046F /* QuestionDataManager.swift */; };
		338CBF771FFF9361007167CF /* AppDelegate.swift in Sources */ = {isa = PBXBuildFile; fileRef = 338CBF761FFF9361007167CF /* AppDelegate.swift */; };
		338CBF791FFF9361007167CF /* ViewController.swift in Sources */ = {isa = PBXBuildFile; fileRef = 338CBF781FFF9361007167CF /* ViewController.swift */; };
		338CBF7C1FFF9361007167CF /* Main.storyboard in Resources */ = {isa = PBXBuildFile; fileRef = 338CBF7A1FFF9361007167CF /* Main.storyboard */; };
		338CBF7E1FFF9361007167CF /* Assets.xcassets in Resources */ = {isa = PBXBuildFile; fileRef = 338CBF7D1FFF9361007167CF /* Assets.xcassets */; };
		338CBF811FFF9361007167CF /* LaunchScreen.storyboard in Resources */ = {isa = PBXBuildFile; fileRef = 338CBF7F1FFF9361007167CF /* LaunchScreen.storyboard */; };
		33B113E42004746B00BB5E25 /* question.csv in Resources */ = {isa = PBXBuildFile; fileRef = 33B113E32004746B00BB5E25 /* question.csv */; };
		33C2E2F12016E5FA00C770CF /* StartViewController.swift in Sources */ = {isa = PBXBuildFile; fileRef = 33C2E2F02016E5FA00C770CF /* StartViewController.swift */; };
		33C2E2F32016E60700C770CF /* QuestionViewController.swift in Sources */ = {isa = PBXBuildFile; fileRef = 33C2E2F22016E60700C770CF /* QuestionViewController.swift */; };
/* End PBXBuildFile section */

/* Begin PBXFileReference section */
		33735ED02005BD2000A0046F /* QuestionDataManager.swift */ = {isa = PBXFileReference; lastKnownFileType = sourcecode.swift; path = QuestionDataManager.swift; sourceTree = "<group>"; };
		338CBF731FFF9361007167CF /* MyQuiz.app */ = {isa = PBXFileReference; explicitFileType = wrapper.application; includeInIndex = 0; path = MyQuiz.app; sourceTree = BUILT_PRODUCTS_DIR; };
		338CBF761FFF9361007167CF /* AppDelegate.swift */ = {isa = PBXFileReference; lastKnownFileType = sourcecode.swift; path = AppDelegate.swift; sourceTree = "<group>"; };
		338CBF781FFF9361007167CF /* ViewController.swift */ = {isa = PBXFileReference; lastKnownFileType = sourcecode.swift; path = ViewController.swift; sourceTree = "<group>"; };
		338CBF7B1FFF9361007167CF /* Base */ = {isa = PBXFileReference; lastKnownFileType = file.storyboard; name = Base; path = Base.lproj/Main.storyboard; sourceTree = "<group>"; };
		338CBF7D1FFF9361007167CF /* Assets.xcassets */ = {isa = PBXFileReference; lastKnownFileType = folder.assetcatalog; path = Assets.xcassets; sourceTree = "<group>"; };
		338CBF801FFF9361007167CF /* Base */ = {isa = PBXFileReference; lastKnownFileType = file.storyboard; name = Base; path = Base.lproj/LaunchScreen.storyboard; sourceTree = "<group>"; };
		338CBF821FFF9361007167CF /* Info.plist */ = {isa = PBXFileReference; lastKnownFileType = text.plist.xml; path = Info.plist; sourceTree = "<group>"; };
		33B113E32004746B00BB5E25 /* question.csv */ = {isa = PBXFileReference; fileEncoding = 4; lastKnownFileType = text; path = question.csv; sourceTree = "<group>"; };
		33C2E2F02016E5FA00C770CF /* StartViewController.swift */ = {isa = PBXFileReference; fileEncoding = 4; lastKnownFileType = sourcecode.swift; path = StartViewController.swift; sourceTree = "<group>"; };
		33C2E2F22016E60700C770CF /* QuestionViewController.swift */ = {isa = PBXFileReference; fileEncoding = 4; lastKnownFileType = sourcecode.swift; path = QuestionViewController.swift; sourceTree = "<group>"; };
/* End PBXFileReference section */

/* Begin PBXFrameworksBuildPhase section */
		338CBF701FFF9361007167CF /* Frameworks */ = {
			isa = PBXFrameworksBuildPhase;
			buildActionMask = 2147483647;
			files = (
			);
			runOnlyForDeploymentPostprocessing = 0;
		};
/* End PBXFrameworksBuildPhase section */

/* Begin PBXGroup section */
		338CBF6A1FFF9361007167CF = {
			isa = PBXGroup;
			children = (
				338CBF751FFF9361007167CF /* MyQuiz */,
				338CBF741FFF9361007167CF /* Products */,
			);
			sourceTree = "<group>";
		};
		338CBF741FFF9361007167CF /* Products */ = {
			isa = PBXGroup;
			children = (
				338CBF731FFF9361007167CF /* MyQuiz.app */,
			);
			name = Products;
			sourceTree = "<group>";
		};
		338CBF751FFF9361007167CF /* MyQuiz */ = {
			isa = PBXGroup;
			children = (
				338CBF761FFF9361007167CF /* AppDelegate.swift */,
				338CBF781FFF9361007167CF /* ViewController.swift */,
				338CBF7A1FFF9361007167CF /* Main.storyboard */,
				33C2E2F22016E60700C770CF /* QuestionViewController.swift */,
				33C2E2F02016E5FA00C770CF /* StartViewController.swift */,
				33B113E32004746B00BB5E25 /* question.csv */,
				33735ED02005BD2000A0046F /* QuestionDataManager.swift */,
				338CBF7D1FFF9361007167CF /* Assets.xcassets */,
				338CBF7F1FFF9361007167CF /* LaunchScreen.storyboard */,
				338CBF821FFF9361007167CF /* Info.plist */,
			);
			path = MyQuiz;
			sourceTree = "<group>";
		};
/* End PBXGroup section */

/* Begin PBXNativeTarget section */
		338CBF721FFF9361007167CF /* MyQuiz */ = {
			isa = PBXNativeTarget;
			buildConfigurationList = 338CBF851FFF9361007167CF /* Build configuration list for PBXNativeTarget "MyQuiz" */;
			buildPhases = (
				338CBF6F1FFF9361007167CF /* Sources */,
				338CBF701FFF9361007167CF /* Frameworks */,
				338CBF711FFF9361007167CF /* Resources */,
			);
			buildRules = (
			);
			dependencies = (
			);
			name = MyQuiz;
			productName = MyQuiz;
			productReference = 338CBF731FFF9361007167CF /* MyQuiz.app */;
			productType = "com.apple.product-type.application";
		};
/* End PBXNativeTarget section */

/* Begin PBXProject section */
		338CBF6B1FFF9361007167CF /* Project object */ = {
			isa = PBXProject;
			attributes = {
				LastSwiftUpdateCheck = 0900;
				LastUpgradeCheck = 0900;
				ORGANIZATIONNAME = kohe;
				TargetAttributes = {
					338CBF721FFF9361007167CF = {
						CreatedOnToolsVersion = 9.0.1;
						ProvisioningStyle = Automatic;
					};
				};
			};
			buildConfigurationList = 338CBF6E1FFF9361007167CF /* Build configuration list for PBXProject "MyQuiz" */;
			compatibilityVersion = "Xcode 8.0";
			developmentRegion = en;
			hasScannedForEncodings = 0;
			knownRegions = (
				en,
				Base,
			);
			mainGroup = 338CBF6A1FFF9361007167CF;
			productRefGroup = 338CBF741FFF9361007167CF /* Products */;
			projectDirPath = "";
			projectRoot = "";
			targets = (
				338CBF721FFF9361007167CF /* MyQuiz */,
			);
		};
/* End PBXProject section */

/* Begin PBXResourcesBuildPhase section */
		338CBF711FFF9361007167CF /* Resources */ = {
			isa = PBXResourcesBuildPhase;
			buildActionMask = 2147483647;
			files = (
				338CBF811FFF9361007167CF /* LaunchScreen.storyboard in Resources */,
				338CBF7E1FFF9361007167CF /* Assets.xcassets in Resources */,
				33B113E42004746B00BB5E25 /* question.csv in Resources */,
				338CBF7C1FFF9361007167CF /* Main.storyboard in Resources */,
			);
			runOnlyForDeploymentPostprocessing = 0;
		};
/* End PBXResourcesBuildPhase section */

/* Begin PBXSourcesBuildPhase section */
		338CBF6F1FFF9361007167CF /* Sources */ = {
			isa = PBXSourcesBuildPhase;
			buildActionMask = 2147483647;
			files = (
				338CBF791FFF9361007167CF /* ViewController.swift in Sources */,
				33C2E2F32016E60700C770CF /* QuestionViewController.swift in Sources */,
				33C2E2F12016E5FA00C770CF /* StartViewController.swift in Sources */,
				338CBF771FFF9361007167CF /* AppDelegate.swift in Sources */,
				33735ED12005BD2000A0046F /* QuestionDataManager.swift in Sources */,
			);
			runOnlyForDeploymentPostprocessing = 0;
		};
/* End PBXSourcesBuildPhase section */

/* Begin PBXVariantGroup section */
		338CBF7A1FFF9361007167CF /* Main.storyboard */ = {
			isa = PBXVariantGroup;
			children = (
				338CBF7B1FFF9361007167CF /* Base */,
			);
			name = Main.storyboard;
			sourceTree = "<group>";
		};
		338CBF7F1FFF9361007167CF /* LaunchScreen.storyboard */ = {
			isa = PBXVariantGroup;
			children = (
				338CBF801FFF9361007167CF /* Base */,
			);
			name = LaunchScreen.storyboard;
			sourceTree = "<group>";
		};
/* End PBXVariantGroup section */

/* Begin XCBuildConfiguration section */
		338CBF831FFF9361007167CF /* Debug */ = {
			isa = XCBuildConfiguration;
			buildSettings = {
				ALWAYS_SEARCH_USER_PATHS = NO;
				CLANG_ANALYZER_NONNULL = YES;
				CLANG_ANALYZER_NUMBER_OBJECT_CONVERSION = YES_AGGRESSIVE;
				CLANG_CXX_LANGUAGE_STANDARD = "gnu++14";
				CLANG_CXX_LIBRARY = "libc++";
				CLANG_ENABLE_MODULES = YES;
				CLANG_ENABLE_OBJC_ARC = YES;
				CLANG_WARN_BLOCK_CAPTURE_AUTORELEASING = YES;
				CLANG_WARN_BOOL_CONVERSION = YES;
				CLANG_WARN_COMMA = YES;
				CLANG_WARN_CONSTANT_CONVERSION = YES;
				CLANG_WARN_DIRECT_OBJC_ISA_USAGE = YES_ERROR;
				CLANG_WARN_DOCUMENTATION_COMMENTS = YES;
				CLANG_WARN_EMPTY_BODY = YES;
				CLANG_WARN_ENUM_CONVERSION = YES;
				CLANG_WARN_INFINITE_RECURSION = YES;
				CLANG_WARN_INT_CONVERSION = YES;
				CLANG_WARN_NON_LITERAL_NULL_CONVERSION = YES;
				CLANG_WARN_OBJC_LITERAL_CONVERSION = YES;
				CLANG_WARN_OBJC_ROOT_CLASS = YES_ERROR;
				CLANG_WARN_RANGE_LOOP_ANALYSIS = YES;
				CLANG_WARN_STRICT_PROTOTYPES = YES;
				CLANG_WARN_SUSPICIOUS_MOVE = YES;
				CLANG_WARN_UNGUARDED_AVAILABILITY = YES_AGGRESSIVE;
				CLANG_WARN_UNREACHABLE_CODE = YES;
				CLANG_WARN__DUPLICATE_METHOD_MATCH = YES;
				CODE_SIGN_IDENTITY = "iPhone Developer";
				COPY_PHASE_STRIP = NO;
				DEBUG_INFORMATION_FORMAT = dwarf;
				ENABLE_STRICT_OBJC_MSGSEND = YES;
				ENABLE_TESTABILITY = YES;
				GCC_C_LANGUAGE_STANDARD = gnu11;
				GCC_DYNAMIC_NO_PIC = NO;
				GCC_NO_COMMON_BLOCKS = YES;
				GCC_OPTIMIZATION_LEVEL = 0;
				GCC_PREPROCESSOR_DEFINITIONS = (
					"DEBUG=1",
					"$(inherited)",
				);
				GCC_WARN_64_TO_32_BIT_CONVERSION = YES;
				GCC_WARN_ABOUT_RETURN_TYPE = YES_ERROR;
				GCC_WARN_UNDECLARED_SELECTOR = YES;
				GCC_WARN_UNINITIALIZED_AUTOS = YES_AGGRESSIVE;
				GCC_WARN_UNUSED_FUNCTION = YES;
				GCC_WARN_UNUSED_VARIABLE = YES;
				IPHONEOS_DEPLOYMENT_TARGET = 11.0;
				MTL_ENABLE_DEBUG_INFO = YES;
				ONLY_ACTIVE_ARCH = YES;
				SDKROOT = iphoneos;
				SWIFT_ACTIVE_COMPILATION_CONDITIONS = DEBUG;
				SWIFT_OPTIMIZATION_LEVEL = "-Onone";
			};
			name = Debug;
		};
		338CBF841FFF9361007167CF /* Release */ = {
			isa = XCBuildConfiguration;
			buildSettings = {
				ALWAYS_SEARCH_USER_PATHS = NO;
				CLANG_ANALYZER_NONNULL = YES;
				CLANG_ANALYZER_NUMBER_OBJECT_CONVERSION = YES_AGGRESSIVE;
				CLANG_CXX_LANGUAGE_STANDARD = "gnu++14";
				CLANG_CXX_LIBRARY = "libc++";
				CLANG_ENABLE_MODULES = YES;
				CLANG_ENABLE_OBJC_ARC = YES;
				CLANG_WARN_BLOCK_CAPTURE_AUTORELEASING = YES;
				CLANG_WARN_BOOL_CONVERSION = YES;
				CLANG_WARN_COMMA = YES;
				CLANG_WARN_CONSTANT_CONVERSION = YES;
				CLANG_WARN_DIRECT_OBJC_ISA_USAGE = YES_ERROR;
				CLANG_WARN_DOCUMENTATION_COMMENTS = YES;
				CLANG_WARN_EMPTY_BODY = YES;
				CLANG_WARN_ENUM_CONVERSION = YES;
				CLANG_WARN_INFINITE_RECURSION = YES;
				CLANG_WARN_INT_CONVERSION = YES;
				CLANG_WARN_NON_LITERAL_NULL_CONVERSION = YES;
				CLANG_WARN_OBJC_LITERAL_CONVERSION = YES;
				CLANG_WARN_OBJC_ROOT_CLASS = YES_ERROR;
				CLANG_WARN_RANGE_LOOP_ANALYSIS = YES;
				CLANG_WARN_STRICT_PROTOTYPES = YES;
				CLANG_WARN_SUSPICIOUS_MOVE = YES;
				CLANG_WARN_UNGUARDED_AVAILABILITY = YES_AGGRESSIVE;
				CLANG_WARN_UNREACHABLE_CODE = YES;
				CLANG_WARN__DUPLICATE_METHOD_MATCH = YES;
				CODE_SIGN_IDENTITY = "iPhone Developer";
				COPY_PHASE_STRIP = NO;
				DEBUG_INFORMATION_FORMAT = "dwarf-with-dsym";
				ENABLE_NS_ASSERTIONS = NO;
				ENABLE_STRICT_OBJC_MSGSEND = YES;
				GCC_C_LANGUAGE_STANDARD = gnu11;
				GCC_NO_COMMON_BLOCKS = YES;
				GCC_WARN_64_TO_32_BIT_CONVERSION = YES;
				GCC_WARN_ABOUT_RETURN_TYPE = YES_ERROR;
				GCC_WARN_UNDECLARED_SELECTOR = YES;
				GCC_WARN_UNINITIALIZED_AUTOS = YES_AGGRESSIVE;
				GCC_WARN_UNUSED_FUNCTION = YES;
				GCC_WARN_UNUSED_VARIABLE = YES;
				IPHONEOS_DEPLOYMENT_TARGET = 11.0;
				MTL_ENABLE_DEBUG_INFO = NO;
				SDKROOT = iphoneos;
				SWIFT_OPTIMIZATION_LEVEL = "-Owholemodule";
				VALIDATE_PRODUCT = YES;
			};
			name = Release;
		};
		338CBF861FFF9361007167CF /* Debug */ = {
			isa = XCBuildConfiguration;
			buildSettings = {
				ASSETCATALOG_COMPILER_APPICON_NAME = AppIcon;
				CODE_SIGN_STYLE = Automatic;
				DEVELOPMENT_TEAM = WV324DERCJ;
				INFOPLIST_FILE = MyQuiz/Info.plist;
				LD_RUNPATH_SEARCH_PATHS = "$(inherited) @executable_path/Frameworks";
				PRODUCT_BUNDLE_IDENTIFIER = com.kohe.MyQuiz;
				PRODUCT_NAME = "$(TARGET_NAME)";
				SWIFT_VERSION = 4.0;
				TARGETED_DEVICE_FAMILY = "1,2";
			};
			name = Debug;
		};
		338CBF871FFF9361007167CF /* Release */ = {
			isa = XCBuildConfiguration;
			buildSettings = {
				ASSETCATALOG_COMPILER_APPICON_NAME = AppIcon;
				CODE_SIGN_STYLE = Automatic;
				DEVELOPMENT_TEAM = WV324DERCJ;
				INFOPLIST_FILE = MyQuiz/Info.plist;
				LD_RUNPATH_SEARCH_PATHS = "$(inherited) @executable_path/Frameworks";
				PRODUCT_BUNDLE_IDENTIFIER = com.kohe.MyQuiz;
				PRODUCT_NAME = "$(TARGET_NAME)";
				SWIFT_VERSION = 4.0;
				TARGETED_DEVICE_FAMILY = "1,2";
			};
			name = Release;
		};
/* End XCBuildConfiguration section */

/* Begin XCConfigurationList section */
		338CBF6E1FFF9361007167CF /* Build configuration list for PBXProject "MyQuiz" */ = {
			isa = XCConfigurationList;
			buildConfigurations = (
				338CBF831FFF9361007167CF /* Debug */,
				338CBF841FFF9361007167CF /* Release */,
			);
			defaultConfigurationIsVisible = 0;
			defaultConfigurationName = Release;
		};
		338CBF851FFF9361007167CF /* Build configuration list for PBXNativeTarget "MyQuiz" */ = {
			isa = XCConfigurationList;
			buildConfigurations = (
				338CBF861FFF9361007167CF /* Debug */,
				338CBF871FFF9361007167CF /* Release */,
			);
			defaultConfigurationIsVisible = 0;
			defaultConfigurationName = Release;
		};
/* End XCConfigurationList section */
	};
	rootObject = 338CBF6B1FFF9361007167CF /* Project object */;
}
